
Microsoft Visual Studio Solution File, Format Version 12.00
Project("{FAE04EC0-301F-11D3-BF4B-00C04F79EFBC}") = "EasySave.Core", "EasySave.Core\EasySave.Core.csproj", "{33866353-15C6-4231-878A-6D9985F37E8D}"
EndProject
Project("{FAE04EC0-301F-11D3-BF4B-00C04F79EFBC}") = "EasyLog", "EasyLog\EasyLog.csproj", "{A24E8612-8BED-4D53-B97D-B0EB865ED13C}"
EndProject
Project("{FAE04EC0-301F-11D3-BF4B-00C04F79EFBC}") = "EasySave.Tests", "EasySave.Tests\EasySave.Tests.csproj", "{70E2D957-70C0-4282-9841-697C094654C5}"
EndProject
Project("{FAE04EC0-301F-11D3-BF4B-00C04F79EFBC}") = "EasySave.GUI", "EasySave.GUI\EasySave.GUI.csproj", "{2AC915B8-E285-4CEC-A3B0-54DC89BFA290}"
EndProject
Project("{FAE04EC0-301F-11D3-BF4B-00C04F79EFBC}") = "EasySave.CLI", "EasySave.CLI\EasySave.CLI.csproj", "{E98694AB-7D33-412C-959A-8884A3552A29}"
EndProject
Project("{FAE04EC0-301F-11D3-BF4B-00C04F79EFBC}") = "CryptoSoft", "CryptoSoft\CryptoSoft.csproj", "{7F432846-C19A-4EEA-BF35-279EF2EEE482}"
EndProject
Project("{2150E333-8FDC-42A3-9474-1A3956D46DE8}") = "Solution Items", "Solution Items", "{C8C7EBFC-8719-43C5-924D-BA178BBB7D51}"
	ProjectSection(SolutionItems) = preProject
		docker-compose.yaml = docker-compose.yaml
	EndProjectSection
EndProject
Project("{FAE04EC0-301F-11D3-BF4B-00C04F79EFBC}") = "EasySave.LogServer", "EasySave.LogServer\EasySave.LogServer.csproj", "{106E1D7F-BD0E-4E0F-A31A-BA406874894D}"
EndProject
Global
	GlobalSection(SolutionConfigurationPlatforms) = preSolution
		Debug|Any CPU = Debug|Any CPU
		Release|Any CPU = Release|Any CPU
	EndGlobalSection
	GlobalSection(ProjectConfigurationPlatforms) = postSolution
		{33866353-15C6-4231-878A-6D9985F37E8D}.Debug|Any CPU.ActiveCfg = Debug|Any CPU
		{33866353-15C6-4231-878A-6D9985F37E8D}.Debug|Any CPU.Build.0 = Debug|Any CPU
		{33866353-15C6-4231-878A-6D9985F37E8D}.Release|Any CPU.ActiveCfg = Release|Any CPU
		{33866353-15C6-4231-878A-6D9985F37E8D}.Release|Any CPU.Build.0 = Release|Any CPU
		{A24E8612-8BED-4D53-B97D-B0EB865ED13C}.Debug|Any CPU.ActiveCfg = Debug|Any CPU
		{A24E8612-8BED-4D53-B97D-B0EB865ED13C}.Debug|Any CPU.Build.0 = Debug|Any CPU
		{A24E8612-8BED-4D53-B97D-B0EB865ED13C}.Release|Any CPU.ActiveCfg = Release|Any CPU
		{A24E8612-8BED-4D53-B97D-B0EB865ED13C}.Release|Any CPU.Build.0 = Release|Any CPU
		{70E2D957-70C0-4282-9841-697C094654C5}.Debug|Any CPU.ActiveCfg = Debug|Any CPU
		{70E2D957-70C0-4282-9841-697C094654C5}.Debug|Any CPU.Build.0 = Debug|Any CPU
		{70E2D957-70C0-4282-9841-697C094654C5}.Release|Any CPU.ActiveCfg = Release|Any CPU
		{70E2D957-70C0-4282-9841-697C094654C5}.Release|Any CPU.Build.0 = Release|Any CPU
		{2AC915B8-E285-4CEC-A3B0-54DC89BFA290}.Debug|Any CPU.ActiveCfg = Debug|Any CPU
		{2AC915B8-E285-4CEC-A3B0-54DC89BFA290}.Debug|Any CPU.Build.0 = Debug|Any CPU
		{2AC915B8-E285-4CEC-A3B0-54DC89BFA290}.Release|Any CPU.ActiveCfg = Release|Any CPU
		{2AC915B8-E285-4CEC-A3B0-54DC89BFA290}.Release|Any CPU.Build.0 = Release|Any CPU
		{E98694AB-7D33-412C-959A-8884A3552A29}.Debug|Any CPU.ActiveCfg = Debug|Any CPU
		{E98694AB-7D33-412C-959A-8884A3552A29}.Debug|Any CPU.Build.0 = Debug|Any CPU
		{E98694AB-7D33-412C-959A-8884A3552A29}.Release|Any CPU.ActiveCfg = Release|Any CPU
		{E98694AB-7D33-412C-959A-8884A3552A29}.Release|Any CPU.Build.0 = Release|Any CPU
		{7F432846-C19A-4EEA-BF35-279EF2EEE482}.Debug|Any CPU.ActiveCfg = Debug|Any CPU
		{7F432846-C19A-4EEA-BF35-279EF2EEE482}.Debug|Any CPU.Build.0 = Debug|Any CPU
		{7F432846-C19A-4EEA-BF35-279EF2EEE482}.Release|Any CPU.ActiveCfg = Release|Any CPU
		{7F432846-C19A-4EEA-BF35-279EF2EEE482}.Release|Any CPU.Build.0 = Release|Any CPU
		{106E1D7F-BD0E-4E0F-A31A-BA406874894D}.Debug|Any CPU.ActiveCfg = Debug|Any CPU
		{106E1D7F-BD0E-4E0F-A31A-BA406874894D}.Debug|Any CPU.Build.0 = Debug|Any CPU
		{106E1D7F-BD0E-4E0F-A31A-BA406874894D}.Release|Any CPU.ActiveCfg = Release|Any CPU
		{106E1D7F-BD0E-4E0F-A31A-BA406874894D}.Release|Any CPU.Build.0 = Release|Any CPU
	EndGlobalSection
EndGlobal
